
Microsoft Visual Studio Solution File, Format Version 12.00
# Visual Studio Version 17
VisualStudioVersion = 17.1.32210.238
MinimumVisualStudioVersion = 10.0.40219.1
Project("{FAE04EC0-301F-11D3-BF4B-00C04F79EFBC}") = "f34rMe", "f34rMe\f34rMe.csproj", "{074931BB-4E8D-489C-8846-E9F07D8B9DA2}"
EndProject
Global
	GlobalSection(SolutionConfigurationPlatforms) = preSolution
		Debug|Any CPU = Debug|Any CPU
		Release|Any CPU = Release|Any CPU
	EndGlobalSection
	GlobalSection(ProjectConfigurationPlatforms) = postSolution
		{074931BB-4E8D-489C-8846-E9F07D8B9DA2}.Debug|Any CPU.ActiveCfg = Debug|Any CPU
		{074931BB-4E8D-489C-8846-E9F07D8B9DA2}.Debug|Any CPU.Build.0 = Debug|Any CPU
		{074931BB-4E8D-489C-8846-E9F07D8B9DA2}.Release|Any CPU.ActiveCfg = Release|Any CPU
		{074931BB-4E8D-489C-8846-E9F07D8B9DA2}.Release|Any CPU.Build.0 = Release|Any CPU
	EndGlobalSection
	GlobalSection(SolutionProperties) = preSolution
		HideSolutionNode = FALSE
	EndGlobalSection
	GlobalSection(ExtensibilityGlobals) = postSolution
		SolutionGuid = {0413CD24-652D-41BA-8135-EB1F6402C67C}
	EndGlobalSection
EndGlobal
